{
  "name": "ts-interface-keys-transformer-demo",
  "version": "1.0.0",
  "lockfileVersion": 1,
  "requires": true,
  "dependencies": {
    "@types/node": {
      "version": "12.12.24",
      "resolved": "https://registry.npmjs.org/@types/node/-/node-12.12.24.tgz",
      "integrity": "sha512-1Ciqv9pqwVtW6FsIUKSZNB82E5Cu1I2bBTj1xuIHXLe/1zYLl3956Nbhg2MzSYHVfl9/rmanjbQIb7LibfCnug==",
      "dev": true
    },
    "path-parse": {
      "version": "1.0.6",
      "resolved": "https://registry.npmjs.org/path-parse/-/path-parse-1.0.6.tgz",
      "integrity": "sha512-GSmOT2EbHrINBf9SR7CDELwlJ8AENk3Qn7OikK4nFYAu3Ote2+JYNVvkpAEQm3/TLNEJFD/xZJjzyxg3KBWOzw==",
      "dev": true
    },
    "resolve": {
      "version": "1.14.2",
      "resolved": "https://registry.npmjs.org/resolve/-/resolve-1.14.2.tgz",
      "integrity": "sha512-EjlOBLBO1kxsUxsKjLt7TAECyKW6fOh1VRkykQkKGzcBbjjPIxBqGh0jf7GJ3k/f5mxMqW3htMD3WdTUVtW8HQ==",
      "dev": true,
      "requires": {
        "path-parse": "^1.0.6"
      }
    },
    "ts-interface-keys-transformer": {
      "version": "1.0.7",
      "resolved": "https://registry.npmjs.org/ts-interface-keys-transformer/-/ts-interface-keys-transformer-1.0.7.tgz",
      "integrity": "sha512-ZVqb90Upbh8GU+vW6RieykRUVWuXGgayW1SU90shWf8reMNOK9eBNMFW1Rincmnh5i+rhHLi56IUwY5F1ge51w==",
      "dev": true
    },
    "ttypescript": {
      "version": "1.5.8",
      "resolved": "https://registry.npmjs.org/ttypescript/-/ttypescript-1.5.8.tgz",
      "integrity": "sha512-uXye71UE5iPDOA3mDN9UUtconKGYwjg6m2UgnxVJYyCItE+MliSCZ4kf2asjpJsJQtgPKyu9iAaC4ero1UIbwQ==",
      "dev": true,
      "requires": {
        "resolve": "^1.9.0"
      }
    },
    "typescript": {
      "version": "3.7.4",
      "resolved": "https://registry.npmjs.org/typescript/-/typescript-3.7.4.tgz",
      "integrity": "sha512-A25xv5XCtarLwXpcDNZzCGvW2D1S3/bACratYBx2sax8PefsFhlYmkQicKHvpYflFS8if4zne5zT5kpJ7pzuvw==",
      "dev": true
    }
  }
}
